{
  "version": 4,
  "terraform_version": "1.5.7",
  "serial": 92,
  "lineage": "c4ac77a3-feb4-1726-a73f-f876b9455b6d",
  "outputs": {
    "app_metadata": {
      "value": {
        "cmdb_app_short_name": "TEST",
        "division": "DIV1",
        "environment": "dev",
        "parent_cmdb_name": "Complify Application",
        "requested_by": "aadyasri@company.com",
        "team_dl": "div4-team@company.com"
      },
      "type": [
        "object",
        {
          "cmdb_app_short_name": "string",
          "division": "string",
          "environment": "string",
          "parent_cmdb_name": "string",
          "requested_by": "string",
          "team_dl": "string"
        }
      ]
    },
    "created_modules": {
      "value": {
        "oauth_2leg": true,
        "oauth_3leg_backend": false,
        "oauth_3leg_frontend": true,
        "oauth_3leg_native": false
      },
      "type": [
        "object",
        {
          "oauth_2leg": "bool",
          "oauth_3leg_backend": "bool",
          "oauth_3leg_frontend": "bool",
          "oauth_3leg_native": "bool"
        }
      ]
    },
    "oauth_2leg_app_id": {
      "value": "0oapexairfPQKePuQ5d7",
      "type": "string"
    },
    "oauth_2leg_client_id": {
      "value": "DIV1_TEST_API_SVCS",
      "type": "string"
    }
  },
  "resources": [
    {
      "module": "module.main",
      "mode": "data",
      "type": "okta_group",
      "name": "na_authz_groups",
      "provider": "provider[\"registry.terraform.io/okta/okta\"]",
      "instances": [
        {
          "index_key": "DIV1_ADMINS",
          "schema_version": 0,
          "attributes": {
            "delay_read_seconds": null,
            "description": "DIV1_ADMINS",
            "id": "00gpdbhjf1j0ZtEZD5d7",
            "include_users": false,
            "name": "DIV1_ADMINS",
            "type": "OKTA_GROUP",
            "users": []
          },
          "sensitive_attributes": []
        },
        {
          "index_key": "DIV1_DEVELOPERS",
          "schema_version": 0,
          "attributes": {
            "delay_read_seconds": null,
            "description": "DIV1_DEVELOPERS",
            "id": "00gpdbg8vpw8THPvA5d7",
            "include_users": false,
            "name": "DIV1_DEVELOPERS",
            "type": "OKTA_GROUP",
            "users": []
          },
          "sensitive_attributes": []
        }
      ]
    },
    {
      "module": "module.main",
      "mode": "data",
      "type": "okta_group",
      "name": "na_ldap_groups",
      "provider": "provider[\"registry.terraform.io/okta/okta\"]",
      "instances": [
        {
          "index_key": "LDAP_DIV1_DEVELOPERS",
          "schema_version": 0,
          "attributes": {
            "delay_read_seconds": null,
            "description": "LDAP_DIV1_DEVELOPERS",
            "id": "00gpdbif0aiCBnGEJ5d7",
            "include_users": false,
            "name": "LDAP_DIV1_DEVELOPERS",
            "type": "OKTA_GROUP",
            "users": []
          },
          "sensitive_attributes": []
        },
        {
          "index_key": "LDAP_DIV1_TESTERS",
          "schema_version": 0,
          "attributes": {
            "delay_read_seconds": null,
            "description": "LDAP_DIV1_TESTERS",
            "id": "00gpdbh7owcOyJ77f5d7",
            "include_users": false,
            "name": "LDAP_DIV1_TESTERS",
            "type": "OKTA_GROUP",
            "users": []
          },
          "sensitive_attributes": []
        }
      ]
    },
    {
      "module": "module.main",
      "mode": "data",
      "type": "okta_group",
      "name": "na_spapp_groups",
      "provider": "provider[\"registry.terraform.io/okta/okta\"]",
      "instances": [
        {
          "index_key": "SPAPP_DIV1_MANAGERS",
          "schema_version": 0,
          "attributes": {
            "delay_read_seconds": null,
            "description": "SPAPP_DIV1_MANAGERS",
            "id": "00gpdbivb4k1gg9PD5d7",
            "include_users": false,
            "name": "SPAPP_DIV1_MANAGERS",
            "type": "OKTA_GROUP",
            "users": []
          },
          "sensitive_attributes": []
        },
        {
          "index_key": "SPAPP_DIV1_USERS",
          "schema_version": 0,
          "attributes": {
            "delay_read_seconds": null,
            "description": "SPAPP_DIV1_USERS",
            "id": "00gpdbgaeqlY7W8MO5d7",
            "include_users": false,
            "name": "SPAPP_DIV1_USERS",
            "type": "OKTA_GROUP",
            "users": []
          },
          "sensitive_attributes": []
        }
      ]
    },
    {
      "module": "module.main",
      "mode": "data",
      "type": "okta_group",
      "name": "spa_authz_groups",
      "provider": "provider[\"registry.terraform.io/okta/okta\"]",
      "instances": [
        {
          "index_key": "DIV1_ADMINS",
          "schema_version": 0,
          "attributes": {
            "delay_read_seconds": null,
            "description": "DIV1_ADMINS",
            "id": "00gpdbhjf1j0ZtEZD5d7",
            "include_users": false,
            "name": "DIV1_ADMINS",
            "type": "OKTA_GROUP",
            "users": []
          },
          "sensitive_attributes": []
        },
        {
          "index_key": "DIV1_DEVELOPERS",
          "schema_version": 0,
          "attributes": {
            "delay_read_seconds": null,
            "description": "DIV1_DEVELOPERS",
            "id": "00gpdbg8vpw8THPvA5d7",
            "include_users": false,
            "name": "DIV1_DEVELOPERS",
            "type": "OKTA_GROUP",
            "users": []
          },
          "sensitive_attributes": []
        }
      ]
    },
    {
      "module": "module.main",
      "mode": "data",
      "type": "okta_group",
      "name": "spa_ldap_groups",
      "provider": "provider[\"registry.terraform.io/okta/okta\"]",
      "instances": [
        {
          "index_key": "LDAP_DIV1_DEVELOPERS",
          "schema_version": 0,
          "attributes": {
            "delay_read_seconds": null,
            "description": "LDAP_DIV1_DEVELOPERS",
            "id": "00gpdbif0aiCBnGEJ5d7",
            "include_users": false,
            "name": "LDAP_DIV1_DEVELOPERS",
            "type": "OKTA_GROUP",
            "users": []
          },
          "sensitive_attributes": []
        },
        {
          "index_key": "LDAP_DIV1_TESTERS",
          "schema_version": 0,
          "attributes": {
            "delay_read_seconds": null,
            "description": "LDAP_DIV1_TESTERS",
            "id": "00gpdbh7owcOyJ77f5d7",
            "include_users": false,
            "name": "LDAP_DIV1_TESTERS",
            "type": "OKTA_GROUP",
            "users": []
          },
          "sensitive_attributes": []
        }
      ]
    },
    {
      "module": "module.main",
      "mode": "data",
      "type": "okta_group",
      "name": "spa_spapp_groups",
      "provider": "provider[\"registry.terraform.io/okta/okta\"]",
      "instances": [
        {
          "index_key": "SPAPP_DIV1_MANAGERS",
          "schema_version": 0,
          "attributes": {
            "delay_read_seconds": null,
            "description": "SPAPP_DIV1_MANAGERS",
            "id": "00gpdbivb4k1gg9PD5d7",
            "include_users": false,
            "name": "SPAPP_DIV1_MANAGERS",
            "type": "OKTA_GROUP",
            "users": []
          },
          "sensitive_attributes": []
        },
        {
          "index_key": "SPAPP_DIV1_USERS",
          "schema_version": 0,
          "attributes": {
            "delay_read_seconds": null,
            "description": "SPAPP_DIV1_USERS",
            "id": "00gpdbgaeqlY7W8MO5d7",
            "include_users": false,
            "name": "SPAPP_DIV1_USERS",
            "type": "OKTA_GROUP",
            "users": []
          },
          "sensitive_attributes": []
        }
      ]
    },
    {
      "module": "module.main",
      "mode": "data",
      "type": "okta_group",
      "name": "web_authz_groups",
      "provider": "provider[\"registry.terraform.io/okta/okta\"]",
      "instances": [
        {
          "index_key": "DIV1_ADMINS",
          "schema_version": 0,
          "attributes": {
            "delay_read_seconds": null,
            "description": "DIV1_ADMINS",
            "id": "00gpdbhjf1j0ZtEZD5d7",
            "include_users": false,
            "name": "DIV1_ADMINS",
            "type": "OKTA_GROUP",
            "users": []
          },
          "sensitive_attributes": []
        },
        {
          "index_key": "DIV1_DEVELOPERS",
          "schema_version": 0,
          "attributes": {
            "delay_read_seconds": null,
            "description": "DIV1_DEVELOPERS",
            "id": "00gpdbg8vpw8THPvA5d7",
            "include_users": false,
            "name": "DIV1_DEVELOPERS",
            "type": "OKTA_GROUP",
            "users": []
          },
          "sensitive_attributes": []
        }
      ]
    },
    {
      "module": "module.main",
      "mode": "data",
      "type": "okta_group",
      "name": "web_ldap_groups",
      "provider": "provider[\"registry.terraform.io/okta/okta\"]",
      "instances": [
        {
          "index_key": "LDAP_DIV1_DEVELOPERS",
          "schema_version": 0,
          "attributes": {
            "delay_read_seconds": null,
            "description": "LDAP_DIV1_DEVELOPERS",
            "id": "00gpdbif0aiCBnGEJ5d7",
            "include_users": false,
            "name": "LDAP_DIV1_DEVELOPERS",
            "type": "OKTA_GROUP",
            "users": []
          },
          "sensitive_attributes": []
        },
        {
          "index_key": "LDAP_DIV1_TESTERS",
          "schema_version": 0,
          "attributes": {
            "delay_read_seconds": null,
            "description": "LDAP_DIV1_TESTERS",
            "id": "00gpdbh7owcOyJ77f5d7",
            "include_users": false,
            "name": "LDAP_DIV1_TESTERS",
            "type": "OKTA_GROUP",
            "users": []
          },
          "sensitive_attributes": []
        }
      ]
    },
    {
      "module": "module.main",
      "mode": "data",
      "type": "okta_group",
      "name": "web_spapp_groups",
      "provider": "provider[\"registry.terraform.io/okta/okta\"]",
      "instances": [
        {
          "index_key": "SPAPP_DIV1_MANAGERS",
          "schema_version": 0,
          "attributes": {
            "delay_read_seconds": null,
            "description": "SPAPP_DIV1_MANAGERS",
            "id": "00gpdbivb4k1gg9PD5d7",
            "include_users": false,
            "name": "SPAPP_DIV1_MANAGERS",
            "type": "OKTA_GROUP",
            "users": []
          },
          "sensitive_attributes": []
        },
        {
          "index_key": "SPAPP_DIV1_USERS",
          "schema_version": 0,
          "attributes": {
            "delay_read_seconds": null,
            "description": "SPAPP_DIV1_USERS",
            "id": "00gpdbgaeqlY7W8MO5d7",
            "include_users": false,
            "name": "SPAPP_DIV1_USERS",
            "type": "OKTA_GROUP",
            "users": []
          },
          "sensitive_attributes": []
        }
      ]
    },
    {
      "module": "module.main.module.oauth_2leg[0]",
      "mode": "managed",
      "type": "okta_app_oauth",
      "name": "oauth_2leg",
      "provider": "provider[\"registry.terraform.io/okta/okta\"]",
      "instances": [
        {
          "schema_version": 0,
          "attributes": {
            "accessibility_error_redirect_url": "",
            "accessibility_login_redirect_url": "",
            "accessibility_self_service": false,
            "admin_note": "",
            "app_links_json": "{\"oidc_client_link\":true}",
            "app_settings_json": "{}",
            "authentication_policy": null,
            "auto_key_rotation": true,
            "auto_submit_toolbar": false,
            "client_basic_secret": null,
            "client_id": "DIV1_TEST_API_SVCS",
            "client_secret": null,
            "client_uri": "",
            "consent_method": "TRUSTED",
            "enduser_note": "",
            "grant_types": [
              "client_credentials"
            ],
            "groups_claim": [],
            "hide_ios": true,
            "hide_web": true,
            "id": "0oapexairfPQKePuQ5d7",
            "implicit_assignment": false,
            "issuer_mode": "ORG_URL",
            "jwks": [],
            "jwks_uri": "",
            "label": "DIV1_TEST_API_SVCS",
            "login_mode": "DISABLED",
            "login_scopes": null,
            "login_uri": "",
            "logo": null,
            "logo_uri": "",
            "logo_url": "https://ok12static.oktacdn.com/assets/img/logos/default.6770228fb0dab49a1695ef440a5279bb.png",
            "name": "oidc_client",
            "omit_secret": true,
            "pkce_required": false,
            "policy_uri": "",
            "post_logout_redirect_uris": null,
            "profile": "{\"cmdb_app_short_name\":\"TEST\",\"division\":\"DIV1\",\"parent_cmdb_name\":\"Complify Application\",\"requested_by\":\"aadyasri@company.com\",\"team_dl\":\"div4-team@company.com\"}",
            "redirect_uris": null,
            "refresh_token_leeway": 0,
            "refresh_token_rotation": "STATIC",
            "response_types": [
              "token"
            ],
            "sign_on_mode": "OPENID_CONNECT",
            "status": "ACTIVE",
            "timeouts": null,
            "token_endpoint_auth_method": "client_secret_basic",
            "tos_uri": "",
            "type": "service",
            "user_name_template": "source.login",
            "user_name_template_push_status": "DONT_PUSH",
            "user_name_template_suffix": "",
            "user_name_template_type": "CUSTOM",
            "wildcard_redirect": "DISABLED"
          },
          "sensitive_attributes": [
            [
              {
                "type": "get_attr",
                "value": "client_basic_secret"
              }
            ]
          ],
          "private": "eyJlMmJmYjczMC1lY2FhLTExZTYtOGY4OC0zNDM2M2JjN2M0YzAiOnsiY3JlYXRlIjozNjAwMDAwMDAwMDAwLCJyZWFkIjozNjAwMDAwMDAwMDAwLCJ1cGRhdGUiOjM2MDAwMDAwMDAwMDB9fQ=="
        }
      ]
    },
    {
      "module": "module.main.module.oauth_2leg[0]",
      "mode": "managed",
      "type": "time_sleep",
      "name": "wait_for_okta_app",
      "provider": "provider[\"registry.terraform.io/hashicorp/time\"]",
      "instances": [
        {
          "schema_version": 0,
          "attributes": {
            "create_duration": "30s",
            "destroy_duration": null,
            "id": "2025-07-02T02:34:20Z",
            "triggers": null
          },
          "sensitive_attributes": [],
          "dependencies": [
            "module.main.module.oauth_2leg.okta_app_oauth.oauth_2leg"
          ]
        }
      ]
    },
    {
      "module": "module.main.module.oauth_3leg_backend[0]",
      "mode": "managed",
      "type": "okta_app_group_assignment",
      "name": "web_authz_groups",
      "provider": "provider[\"registry.terraform.io/okta/okta\"]",
      "instances": [
        {
          "index_key": "00gpdbg8vpw8THPvA5d7",
          "schema_version": 0,
          "attributes": {
            "app_id": "0oapexbo5mLb6600f5d7",
            "group_id": "00gpdbg8vpw8THPvA5d7",
            "id": "00gpdbg8vpw8THPvA5d7",
            "priority": 1,
            "profile": "{}",
            "retain_assignment": false,
            "timeouts": null
          },
          "sensitive_attributes": [],
          "private": "eyJlMmJmYjczMC1lY2FhLTExZTYtOGY4OC0zNDM2M2JjN2M0YzAiOnsiY3JlYXRlIjozNjAwMDAwMDAwMDAwLCJyZWFkIjozNjAwMDAwMDAwMDAwLCJ1cGRhdGUiOjM2MDAwMDAwMDAwMDB9fQ==",
          "dependencies": [
            "module.main.data.okta_group.web_authz_groups",
            "module.main.data.okta_group.web_ldap_groups",
            "module.main.data.okta_group.web_spapp_groups",
            "module.main.module.oauth_3leg_backend.okta_app_oauth.web_oidc",
            "module.main.module.oauth_3leg_backend.time_sleep.wait_for_okta_app"
          ]
        },
        {
          "index_key": "00gpdbhjf1j0ZtEZD5d7",
          "schema_version": 0,
          "attributes": {
            "app_id": "0oapexbo5mLb6600f5d7",
            "group_id": "00gpdbhjf1j0ZtEZD5d7",
            "id": "00gpdbhjf1j0ZtEZD5d7",
            "priority": 0,
            "profile": "{}",
            "retain_assignment": false,
            "timeouts": null
          },
          "sensitive_attributes": [],
          "private": "eyJlMmJmYjczMC1lY2FhLTExZTYtOGY4OC0zNDM2M2JjN2M0YzAiOnsiY3JlYXRlIjozNjAwMDAwMDAwMDAwLCJyZWFkIjozNjAwMDAwMDAwMDAwLCJ1cGRhdGUiOjM2MDAwMDAwMDAwMDB9fQ==",
          "dependencies": [
            "module.main.data.okta_group.web_authz_groups",
            "module.main.data.okta_group.web_ldap_groups",
            "module.main.data.okta_group.web_spapp_groups",
            "module.main.module.oauth_3leg_backend.okta_app_oauth.web_oidc",
            "module.main.module.oauth_3leg_backend.time_sleep.wait_for_okta_app"
          ]
        }
      ]
    },
    {
      "module": "module.main.module.oauth_3leg_backend[0]",
      "mode": "managed",
      "type": "okta_app_oauth",
      "name": "web_oidc",
      "provider": "provider[\"registry.terraform.io/okta/okta\"]",
      "instances": [
        {
          "schema_version": 0,
          "attributes": {
            "accessibility_error_redirect_url": "",
            "accessibility_login_redirect_url": "",
            "accessibility_self_service": false,
            "admin_note": "",
            "app_links_json": "{\"oidc_client_link\":true}",
            "app_settings_json": "{}",
            "authentication_policy": null,
            "auto_key_rotation": true,
            "auto_submit_toolbar": false,
            "client_basic_secret": null,
            "client_id": "DIV1_TEST_WEB",
            "client_secret": null,
            "client_uri": "",
            "consent_method": "TRUSTED",
            "enduser_note": "",
            "grant_types": [
              "authorization_code",
              "client_credentials",
              "refresh_token"
            ],
            "groups_claim": [],
            "hide_ios": true,
            "hide_web": true,
            "id": "0oapexbo5mLb6600f5d7",
            "implicit_assignment": false,
            "issuer_mode": "ORG_URL",
            "jwks": [],
            "jwks_uri": "",
            "label": "DIV1_TEST_WEB",
            "login_mode": "DISABLED",
            "login_scopes": null,
            "login_uri": "",
            "logo": null,
            "logo_uri": "",
            "logo_url": "https://ok12static.oktacdn.com/assets/img/logos/default.6770228fb0dab49a1695ef440a5279bb.png",
            "name": "oidc_client",
            "omit_secret": true,
            "pkce_required": true,
            "policy_uri": "",
            "post_logout_redirect_uris": null,
            "profile": "{\"APP_AUTHZ_LDAP_GROUPS\":\"00gpdbif0aiCBnGEJ5d7,00gpdbh7owcOyJ77f5d7\",\"APP_AUTHZ_SPAPP_GROUPS\":\"00gpdbivb4k1gg9PD5d7,00gpdbgaeqlY7W8MO5d7\",\"OKTA_AUTHZ_GROUPS\":\"DIV1_ADMINS,DIV1_DEVELOPERS\",\"cmdb_app_short_name\":\"TEST\",\"division\":\"DIV1\",\"parent_cmdb_name\":\"Complify Application\",\"requested_by\":\"aadyasri@company.com\",\"team_dl\":\"div4-team@company.com\"}",
            "redirect_uris": [
              "https://test-web-app.company.com/callback",
              "https://test-web-app.company.com/logout"
            ],
            "refresh_token_leeway": 0,
            "refresh_token_rotation": "STATIC",
            "response_types": [
              "code"
            ],
            "sign_on_mode": "OPENID_CONNECT",
            "status": "ACTIVE",
            "timeouts": null,
            "token_endpoint_auth_method": "client_secret_basic",
            "tos_uri": "",
            "type": "web",
            "user_name_template": "${source.login}",
            "user_name_template_push_status": "",
            "user_name_template_suffix": "",
            "user_name_template_type": "BUILT_IN",
            "wildcard_redirect": "DISABLED"
          },
          "sensitive_attributes": [
            [
              {
                "type": "get_attr",
                "value": "client_basic_secret"
              }
            ]
          ],
          "private": "eyJlMmJmYjczMC1lY2FhLTExZTYtOGY4OC0zNDM2M2JjN2M0YzAiOnsiY3JlYXRlIjozNjAwMDAwMDAwMDAwLCJyZWFkIjozNjAwMDAwMDAwMDAwLCJ1cGRhdGUiOjM2MDAwMDAwMDAwMDB9fQ==",
          "dependencies": [
            "module.main.data.okta_group.web_ldap_groups",
            "module.main.data.okta_group.web_spapp_groups"
          ]
        }
      ]
    },
    {
      "module": "module.main.module.oauth_3leg_backend[0]",
      "mode": "managed",
      "type": "okta_trusted_origin",
      "name": "web_oidc_origin",
      "provider": "provider[\"registry.terraform.io/okta/okta\"]",
      "instances": [
        {
          "schema_version": 0,
          "attributes": {
            "active": true,
            "id": "tospexax7reJHFkG45d7",
            "name": "DIV1_TEST_WEB_ORIGIN_V2",
            "origin": "https://test-web-app-v2.company.com",
            "scopes": [
              "CORS",
              "REDIRECT"
            ]
          },
          "sensitive_attributes": [],
          "private": "bnVsbA=="
        }
      ]
    },
    {
      "module": "module.main.module.oauth_3leg_backend[0]",
      "mode": "managed",
      "type": "time_sleep",
      "name": "wait_for_okta_app",
      "provider": "provider[\"registry.terraform.io/hashicorp/time\"]",
      "instances": [
        {
          "schema_version": 0,
          "attributes": {
            "create_duration": "30s",
            "destroy_duration": null,
            "id": "2025-07-02T02:34:20Z",
            "triggers": null
          },
          "sensitive_attributes": [],
          "dependencies": [
            "module.main.data.okta_group.web_ldap_groups",
            "module.main.data.okta_group.web_spapp_groups",
            "module.main.module.oauth_3leg_backend.okta_app_oauth.web_oidc"
          ]
        }
      ]
    },
    {
      "module": "module.main.module.oauth_3leg_frontend[0]",
      "mode": "managed",
      "type": "okta_app_group_assignment",
      "name": "spa_authz_groups",
      "provider": "provider[\"registry.terraform.io/okta/okta\"]",
      "instances": [
        {
          "index_key": "00gpdbg8vpw8THPvA5d7",
          "schema_version": 0,
          "attributes": {
            "app_id": "0oapexalpjNiL6xZd5d7",
            "group_id": "00gpdbg8vpw8THPvA5d7",
            "id": "00gpdbg8vpw8THPvA5d7",
            "priority": 1,
            "profile": "{}",
            "retain_assignment": false,
            "timeouts": null
          },
          "sensitive_attributes": [],
          "private": "eyJlMmJmYjczMC1lY2FhLTExZTYtOGY4OC0zNDM2M2JjN2M0YzAiOnsiY3JlYXRlIjozNjAwMDAwMDAwMDAwLCJyZWFkIjozNjAwMDAwMDAwMDAwLCJ1cGRhdGUiOjM2MDAwMDAwMDAwMDB9fQ==",
          "dependencies": [
            "module.main.data.okta_group.spa_authz_groups",
            "module.main.data.okta_group.spa_ldap_groups",
            "module.main.data.okta_group.spa_spapp_groups",
            "module.main.module.oauth_3leg_frontend.okta_app_oauth.spa_oidc",
            "module.main.module.oauth_3leg_frontend.time_sleep.wait_for_okta_app"
          ]
        },
        {
          "index_key": "00gpdbhjf1j0ZtEZD5d7",
          "schema_version": 0,
          "attributes": {
            "app_id": "0oapexalpjNiL6xZd5d7",
            "group_id": "00gpdbhjf1j0ZtEZD5d7",
            "id": "00gpdbhjf1j0ZtEZD5d7",
            "priority": 0,
            "profile": "{}",
            "retain_assignment": false,
            "timeouts": null
          },
          "sensitive_attributes": [],
          "private": "eyJlMmJmYjczMC1lY2FhLTExZTYtOGY4OC0zNDM2M2JjN2M0YzAiOnsiY3JlYXRlIjozNjAwMDAwMDAwMDAwLCJyZWFkIjozNjAwMDAwMDAwMDAwLCJ1cGRhdGUiOjM2MDAwMDAwMDAwMDB9fQ==",
          "dependencies": [
            "module.main.data.okta_group.spa_authz_groups",
            "module.main.data.okta_group.spa_ldap_groups",
            "module.main.data.okta_group.spa_spapp_groups",
            "module.main.module.oauth_3leg_frontend.okta_app_oauth.spa_oidc",
            "module.main.module.oauth_3leg_frontend.time_sleep.wait_for_okta_app"
          ]
        }
      ]
    },
    {
      "module": "module.main.module.oauth_3leg_frontend[0]",
      "mode": "managed",
      "type": "okta_app_oauth",
      "name": "spa_oidc",
      "provider": "provider[\"registry.terraform.io/okta/okta\"]",
      "instances": [
        {
          "schema_version": 0,
          "attributes": {
            "accessibility_error_redirect_url": "",
            "accessibility_login_redirect_url": "",
            "accessibility_self_service": false,
            "admin_note": "",
            "app_links_json": "{\"oidc_client_link\":true}",
            "app_settings_json": "{}",
            "authentication_policy": null,
            "auto_key_rotation": true,
            "auto_submit_toolbar": false,
            "client_basic_secret": null,
            "client_id": "DIV1_TEST_SPA",
            "client_secret": null,
            "client_uri": "",
            "consent_method": "TRUSTED",
            "enduser_note": "",
            "grant_types": [
              "authorization_code"
            ],
            "groups_claim": [],
            "hide_ios": true,
            "hide_web": true,
            "id": "0oapexalpjNiL6xZd5d7",
            "implicit_assignment": false,
            "issuer_mode": "ORG_URL",
            "jwks": [],
            "jwks_uri": "",
            "label": "DIV1_TEST_SPA",
            "login_mode": "DISABLED",
            "login_scopes": null,
            "login_uri": "",
            "logo": null,
            "logo_uri": "",
            "logo_url": "https://ok12static.oktacdn.com/assets/img/logos/default.6770228fb0dab49a1695ef440a5279bb.png",
            "name": "oidc_client",
            "omit_secret": true,
            "pkce_required": true,
            "policy_uri": "",
            "post_logout_redirect_uris": null,
            "profile": "{\"APP_AUTHZ_LDAP_GROUPS\":\"00gpdbif0aiCBnGEJ5d7,00gpdbh7owcOyJ77f5d7\",\"APP_AUTHZ_SPAPP_GROUPS\":\"00gpdbivb4k1gg9PD5d7,00gpdbgaeqlY7W8MO5d7\",\"OKTA_AUTHZ_GROUPS\":\"DIV1_ADMINS,DIV1_DEVELOPERS\",\"cmdb_app_short_name\":\"TEST\",\"division\":\"DIV1\",\"parent_cmdb_name\":\"Complify Application\",\"requested_by\":\"aadyasri@company.com\",\"team_dl\":\"div4-team@company.com\"}",
            "redirect_uris": [
              "http://localhost:3000/callback",
              "http://localhost:3000/logout"
            ],
            "refresh_token_leeway": 0,
            "refresh_token_rotation": "STATIC",
            "response_types": [
              "code"
            ],
            "sign_on_mode": "OPENID_CONNECT",
            "status": "ACTIVE",
            "timeouts": null,
            "token_endpoint_auth_method": "none",
            "tos_uri": "",
            "type": "browser",
            "user_name_template": "${source.login}",
            "user_name_template_push_status": "",
            "user_name_template_suffix": "",
            "user_name_template_type": "BUILT_IN",
            "wildcard_redirect": "DISABLED"
          },
          "sensitive_attributes": [
            [
              {
                "type": "get_attr",
                "value": "client_basic_secret"
              }
            ]
          ],
          "private": "eyJlMmJmYjczMC1lY2FhLTExZTYtOGY4OC0zNDM2M2JjN2M0YzAiOnsiY3JlYXRlIjozNjAwMDAwMDAwMDAwLCJyZWFkIjozNjAwMDAwMDAwMDAwLCJ1cGRhdGUiOjM2MDAwMDAwMDAwMDB9fQ==",
          "dependencies": [
            "module.main.data.okta_group.spa_ldap_groups",
            "module.main.data.okta_group.spa_spapp_groups"
          ]
        }
      ]
    },
    {
      "module": "module.main.module.oauth_3leg_frontend[0]",
      "mode": "managed",
      "type": "okta_trusted_origin",
      "name": "spa_oidc_origin",
      "provider": "provider[\"registry.terraform.io/okta/okta\"]",
      "instances": [
        {
          "schema_version": 0,
          "attributes": {
            "active": true,
            "id": "tospexbisiUX7NwWL5d7",
            "name": "DIV1_TEST_SPA_ORIGIN_V4",
            "origin": "http://localhost:3004",
            "scopes": [
              "CORS",
              "REDIRECT"
            ]
          },
          "sensitive_attributes": [],
          "private": "bnVsbA=="
        }
      ]
    },
    {
      "module": "module.main.module.oauth_3leg_frontend[0]",
      "mode": "managed",
      "type": "time_sleep",
      "name": "wait_for_okta_app",
      "provider": "provider[\"registry.terraform.io/hashicorp/time\"]",
      "instances": [
        {
          "schema_version": 0,
          "attributes": {
            "create_duration": "30s",
            "destroy_duration": null,
            "id": "2025-07-02T02:34:20Z",
            "triggers": null
          },
          "sensitive_attributes": [],
          "dependencies": [
            "module.main.data.okta_group.spa_ldap_groups",
            "module.main.data.okta_group.spa_spapp_groups",
            "module.main.module.oauth_3leg_frontend.okta_app_oauth.spa_oidc"
          ]
        }
      ]
    },
    {
      "module": "module.main.module.oauth_3leg_native[0]",
      "mode": "managed",
      "type": "okta_app_group_assignment",
      "name": "na_authz_groups",
      "provider": "provider[\"registry.terraform.io/okta/okta\"]",
      "instances": [
        {
          "index_key": "00gpdbg8vpw8THPvA5d7",
          "schema_version": 0,
          "attributes": {
            "app_id": "0oapexakbfjc40PmE5d7",
            "group_id": "00gpdbg8vpw8THPvA5d7",
            "id": "00gpdbg8vpw8THPvA5d7",
            "priority": 0,
            "profile": "{}",
            "retain_assignment": false,
            "timeouts": null
          },
          "sensitive_attributes": [],
          "private": "eyJlMmJmYjczMC1lY2FhLTExZTYtOGY4OC0zNDM2M2JjN2M0YzAiOnsiY3JlYXRlIjozNjAwMDAwMDAwMDAwLCJyZWFkIjozNjAwMDAwMDAwMDAwLCJ1cGRhdGUiOjM2MDAwMDAwMDAwMDB9fQ==",
          "dependencies": [
            "module.main.data.okta_group.na_authz_groups",
            "module.main.data.okta_group.na_ldap_groups",
            "module.main.data.okta_group.na_spapp_groups",
            "module.main.module.oauth_3leg_native.okta_app_oauth.na_oidc",
            "module.main.module.oauth_3leg_native.time_sleep.wait_for_okta_app"
          ]
        },
        {
          "index_key": "00gpdbhjf1j0ZtEZD5d7",
          "schema_version": 0,
          "attributes": {
            "app_id": "0oapexakbfjc40PmE5d7",
            "group_id": "00gpdbhjf1j0ZtEZD5d7",
            "id": "00gpdbhjf1j0ZtEZD5d7",
            "priority": 0,
            "profile": "{}",
            "retain_assignment": false,
            "timeouts": null
          },
          "sensitive_attributes": [],
          "private": "eyJlMmJmYjczMC1lY2FhLTExZTYtOGY4OC0zNDM2M2JjN2M0YzAiOnsiY3JlYXRlIjozNjAwMDAwMDAwMDAwLCJyZWFkIjozNjAwMDAwMDAwMDAwLCJ1cGRhdGUiOjM2MDAwMDAwMDAwMDB9fQ==",
          "dependencies": [
            "module.main.data.okta_group.na_authz_groups",
            "module.main.data.okta_group.na_ldap_groups",
            "module.main.data.okta_group.na_spapp_groups",
            "module.main.module.oauth_3leg_native.okta_app_oauth.na_oidc",
            "module.main.module.oauth_3leg_native.time_sleep.wait_for_okta_app"
          ]
        }
      ]
    },
    {
      "module": "module.main.module.oauth_3leg_native[0]",
      "mode": "managed",
      "type": "okta_app_oauth",
      "name": "na_oidc",
      "provider": "provider[\"registry.terraform.io/okta/okta\"]",
      "instances": [
        {
          "schema_version": 0,
          "attributes": {
            "accessibility_error_redirect_url": "",
            "accessibility_login_redirect_url": "",
            "accessibility_self_service": false,
            "admin_note": "",
            "app_links_json": "{\"oidc_client_link\":true}",
            "app_settings_json": "{}",
            "authentication_policy": null,
            "auto_key_rotation": true,
            "auto_submit_toolbar": false,
            "client_basic_secret": null,
            "client_id": "DIV1_TEST_NATIVE",
            "client_secret": null,
            "client_uri": "",
            "consent_method": "TRUSTED",
            "enduser_note": "",
            "grant_types": [
              "authorization_code",
              "password",
              "refresh_token"
            ],
            "groups_claim": [],
            "hide_ios": true,
            "hide_web": true,
            "id": "0oapexakbfjc40PmE5d7",
            "implicit_assignment": false,
            "issuer_mode": "ORG_URL",
            "jwks": [],
            "jwks_uri": "",
            "label": "DIV1_TEST_NATIVE",
            "login_mode": "DISABLED",
            "login_scopes": null,
            "login_uri": "",
            "logo": null,
            "logo_uri": "",
            "logo_url": "https://ok12static.oktacdn.com/assets/img/logos/default.6770228fb0dab49a1695ef440a5279bb.png",
            "name": "oidc_client",
            "omit_secret": true,
            "pkce_required": true,
            "policy_uri": "",
            "post_logout_redirect_uris": null,
            "profile": "{\"APP_AUTHZ_LDAP_GROUPS\":\"00gpdbif0aiCBnGEJ5d7,00gpdbh7owcOyJ77f5d7\",\"APP_AUTHZ_SPAPP_GROUPS\":\"00gpdbivb4k1gg9PD5d7,00gpdbgaeqlY7W8MO5d7\",\"OKTA_AUTHZ_GROUPS\":\"DIV1_ADMINS,DIV1_DEVELOPERS\",\"cmdb_app_short_name\":\"TEST\",\"division\":\"DIV1\",\"parent_cmdb_name\":\"Complify Application\",\"requested_by\":\"aadyasri@company.com\",\"team_dl\":\"div4-team@company.com\"}",
            "redirect_uris": [
              "com.test.app://callback",
              "com.test.app://logout"
            ],
            "refresh_token_leeway": 0,
            "refresh_token_rotation": "STATIC",
            "response_types": [
              "code"
            ],
            "sign_on_mode": "OPENID_CONNECT",
            "status": "ACTIVE",
            "timeouts": null,
            "token_endpoint_auth_method": "client_secret_basic",
            "tos_uri": "",
            "type": "native",
            "user_name_template": "${source.login}",
            "user_name_template_push_status": "",
            "user_name_template_suffix": "",
            "user_name_template_type": "BUILT_IN",
            "wildcard_redirect": "DISABLED"
          },
          "sensitive_attributes": [
            [
              {
                "type": "get_attr",
                "value": "client_basic_secret"
              }
            ]
          ],
          "private": "eyJlMmJmYjczMC1lY2FhLTExZTYtOGY4OC0zNDM2M2JjN2M0YzAiOnsiY3JlYXRlIjozNjAwMDAwMDAwMDAwLCJyZWFkIjozNjAwMDAwMDAwMDAwLCJ1cGRhdGUiOjM2MDAwMDAwMDAwMDB9fQ==",
          "dependencies": [
            "module.main.data.okta_group.na_ldap_groups",
            "module.main.data.okta_group.na_spapp_groups"
          ]
        }
      ]
    },
    {
      "module": "module.main.module.oauth_3leg_native[0]",
      "mode": "managed",
      "type": "okta_trusted_origin",
      "name": "na_oidc_origin",
      "provider": "provider[\"registry.terraform.io/okta/okta\"]",
      "instances": [
        {
          "schema_version": 0,
          "attributes": {
            "active": true,
            "id": "tospexamj8w38O5Gb5d7",
            "name": "DIV1_TEST_NATIVE_ORIGIN_V2",
            "origin": "http://localhost:3005",
            "scopes": [
              "CORS",
              "REDIRECT"
            ]
          },
          "sensitive_attributes": [],
          "private": "bnVsbA=="
        }
      ]
    },
    {
      "module": "module.main.module.oauth_3leg_native[0]",
      "mode": "managed",
      "type": "time_sleep",
      "name": "wait_for_okta_app",
      "provider": "provider[\"registry.terraform.io/hashicorp/time\"]",
      "instances": [
        {
          "schema_version": 0,
          "attributes": {
            "create_duration": "30s",
            "destroy_duration": null,
            "id": "2025-07-02T02:34:20Z",
            "triggers": null
          },
          "sensitive_attributes": [],
          "dependencies": [
            "module.main.data.okta_group.na_ldap_groups",
            "module.main.data.okta_group.na_spapp_groups",
            "module.main.module.oauth_3leg_native.okta_app_oauth.na_oidc"
          ]
        }
      ]
    },
    {
      "module": "module.main.module.okta_authz_policy[0]",
      "mode": "managed",
      "type": "okta_auth_server_policy",
      "name": "oauth_access_policy",
      "provider": "provider[\"registry.terraform.io/okta/okta\"]",
      "instances": [
        {
          "schema_version": 0,
          "attributes": {
            "auth_server_id": "default",
            "client_whitelist": [
              "DIV1_TEST_API_SVCS",
              "DIV1_TEST_NATIVE",
              "DIV1_TEST_SPA",
              "DIV1_TEST_WEB"
            ],
            "description": "Access policy for all enabled clients: DIV1_TEST_SPA, DIV1_TEST_WEB, DIV1_TEST_NATIVE, DIV1_TEST_API_SVCS",
            "id": "00ppexa066KCz15n75d7",
            "name": "Combined OAuth Access Policy",
            "priority": 1,
            "status": "ACTIVE"
          },
          "sensitive_attributes": [],
          "private": "bnVsbA=="
        }
      ]
    },
    {
      "module": "module.main.module.okta_authz_policy[0]",
      "mode": "managed",
      "type": "okta_auth_server_policy_rule",
      "name": "oauth_access_rule",
      "provider": "provider[\"registry.terraform.io/okta/okta\"]",
      "instances": [
        {
          "schema_version": 0,
          "attributes": {
            "access_token_lifetime_minutes": 60,
            "auth_server_id": "default",
            "grant_type_whitelist": [
              "authorization_code",
              "client_credentials",
              "password"
            ],
            "group_blacklist": null,
            "group_whitelist": [
              "EVERYONE"
            ],
            "id": "0prpexb8n85jgF0yG5d7",
            "inline_hook_id": null,
            "name": "OAuth Access Rule",
            "policy_id": "00ppexa066KCz15n75d7",
            "priority": 1,
            "refresh_token_lifetime_minutes": 0,
            "refresh_token_window_minutes": 10080,
            "scope_whitelist": [
              "email",
              "offline_access",
              "openid",
              "profile"
            ],
            "status": "ACTIVE",
            "system": false,
            "type": "RESOURCE_ACCESS",
            "user_blacklist": null,
            "user_whitelist": null
          },
          "sensitive_attributes": [],
          "private": "bnVsbA==",
          "dependencies": [
            "module.main.module.okta_authz_policy.okta_auth_server_policy.oauth_access_policy"
          ]
        }
      ]
    }
  ],
  "check_results": null
}
