{
  "version": 4,
  "terraform_version": "1.5.7",
  "serial": 49,
  "lineage": "7c74918d-3394-e9d7-f266-1282244cef2a",
  "outputs": {},
  "resources": [
    {
      "module": "module.main.module.oauth_2leg[0]",
      "mode": "managed",
      "type": "okta_app_oauth",
      "name": "oauth_2leg",
      "provider": "provider[\"registry.terraform.io/okta/okta\"]",
      "instances": [
        {
          "schema_version": 0,
          "attributes": {
            "accessibility_error_redirect_url": "",
            "accessibility_login_redirect_url": "",
            "accessibility_self_service": false,
            "admin_note": "",
            "app_links_json": "{\"oidc_client_link\":true}",
            "app_settings_json": "{}",
            "authentication_policy": null,
            "auto_key_rotation": true,
            "auto_submit_toolbar": false,
            "client_basic_secret": null,
            "client_id": "DIV1_TEST_API_SVCS",
            "client_secret": null,
            "client_uri": "",
            "consent_method": "TRUSTED",
            "enduser_note": "",
            "grant_types": [
              "client_credentials"
            ],
            "groups_claim": [],
            "hide_ios": true,
            "hide_web": true,
            "id": "0oapdbmv3bplUKd9P5d7",
            "implicit_assignment": false,
            "issuer_mode": "ORG_URL",
            "jwks": [],
            "jwks_uri": "",
            "label": "DIV1_TEST_API_SVCS",
            "login_mode": "DISABLED",
            "login_scopes": null,
            "login_uri": "",
            "logo": null,
            "logo_uri": "",
            "logo_url": "https://ok12static.oktacdn.com/assets/img/logos/default.6770228fb0dab49a1695ef440a5279bb.png",
            "name": "oidc_client",
            "omit_secret": true,
            "pkce_required": false,
            "policy_uri": "",
            "post_logout_redirect_uris": null,
            "profile": "{\"APP_AUTHZ_LDAP_GROUPS\":[],\"APP_AUTHZ_SPAPP_GROUPS\":[],\"OKTA_AUTHZ_GROUPS\":[\"Everyone\"],\"cmdb_app_short_name\":\"TEST\",\"division\":\"DIV1\",\"parent_cmdb_name\":\"Complify Application\",\"requested_by\":\"aadyasri@company.com\",\"team_dl\":\"div4-team@company.com\"}",
            "redirect_uris": null,
            "refresh_token_leeway": 0,
            "refresh_token_rotation": "STATIC",
            "response_types": [
              "token"
            ],
            "sign_on_mode": "OPENID_CONNECT",
            "status": "ACTIVE",
            "timeouts": null,
            "token_endpoint_auth_method": "client_secret_basic",
            "tos_uri": "",
            "type": "service",
            "user_name_template": "source.login",
            "user_name_template_push_status": "DONT_PUSH",
            "user_name_template_suffix": "",
            "user_name_template_type": "CUSTOM",
            "wildcard_redirect": "DISABLED"
          },
          "sensitive_attributes": [
            [
              {
                "type": "get_attr",
                "value": "client_basic_secret"
              }
            ]
          ],
          "private": "eyJlMmJmYjczMC1lY2FhLTExZTYtOGY4OC0zNDM2M2JjN2M0YzAiOnsiY3JlYXRlIjozNjAwMDAwMDAwMDAwLCJyZWFkIjozNjAwMDAwMDAwMDAwLCJ1cGRhdGUiOjM2MDAwMDAwMDAwMDB9fQ==",
          "dependencies": [
            "module.main.data.okta_group.ldap_groups",
            "module.main.data.okta_group.spapp_groups"
          ]
        }
      ]
    },
    {
      "module": "module.main.module.oauth_3leg_backend[0]",
      "mode": "data",
      "type": "okta_group",
      "name": "authz_groups",
      "provider": "provider[\"registry.terraform.io/okta/okta\"]",
      "instances": [
        {
          "index_key": "Everyone",
          "schema_version": 0,
          "attributes": {
            "delay_read_seconds": null,
            "description": "All users in your organization",
            "id": "00g1me8kobj307RvS5d7",
            "include_users": false,
            "name": "Everyone",
            "type": "BUILT_IN",
            "users": []
          },
          "sensitive_attributes": []
        }
      ]
    },
    {
      "module": "module.main.module.oauth_3leg_backend[0]",
      "mode": "managed",
      "type": "okta_app_group_assignment",
      "name": "web_oidc_assignments",
      "provider": "provider[\"registry.terraform.io/okta/okta\"]",
      "instances": [
        {
          "index_key": "Everyone",
          "schema_version": 0,
          "attributes": {
            "app_id": "0oapdbn92puMfWBRv5d7",
            "group_id": "00g1me8kobj307RvS5d7",
            "id": "00g1me8kobj307RvS5d7",
            "priority": 0,
            "profile": "{}",
            "retain_assignment": false,
            "timeouts": null
          },
          "sensitive_attributes": [],
          "private": "eyJlMmJmYjczMC1lY2FhLTExZTYtOGY4OC0zNDM2M2JjN2M0YzAiOnsiY3JlYXRlIjozNjAwMDAwMDAwMDAwLCJyZWFkIjozNjAwMDAwMDAwMDAwLCJ1cGRhdGUiOjM2MDAwMDAwMDAwMDB9fQ==",
          "dependencies": [
            "module.main.data.okta_group.ldap_groups",
            "module.main.data.okta_group.spapp_groups",
            "module.main.module.oauth_3leg_backend.data.okta_group.authz_groups",
            "module.main.module.oauth_3leg_backend.okta_app_oauth.web_oidc",
            "module.main.module.oauth_3leg_backend.time_sleep.wait_for_okta_app"
          ]
        }
      ]
    },
    {
      "module": "module.main.module.oauth_3leg_backend[0]",
      "mode": "managed",
      "type": "okta_app_oauth",
      "name": "web_oidc",
      "provider": "provider[\"registry.terraform.io/okta/okta\"]",
      "instances": [
        {
          "schema_version": 0,
          "attributes": {
            "accessibility_error_redirect_url": "",
            "accessibility_login_redirect_url": "",
            "accessibility_self_service": false,
            "admin_note": "",
            "app_links_json": "{\"oidc_client_link\":true}",
            "app_settings_json": "{}",
            "authentication_policy": null,
            "auto_key_rotation": true,
            "auto_submit_toolbar": false,
            "client_basic_secret": null,
            "client_id": "DIV1_TEST_WEB",
            "client_secret": null,
            "client_uri": "",
            "consent_method": "TRUSTED",
            "enduser_note": "",
            "grant_types": [
              "authorization_code",
              "client_credentials",
              "refresh_token"
            ],
            "groups_claim": [],
            "hide_ios": true,
            "hide_web": true,
            "id": "0oapdbn92puMfWBRv5d7",
            "implicit_assignment": false,
            "issuer_mode": "ORG_URL",
            "jwks": [],
            "jwks_uri": "",
            "label": "DIV1_TEST_WEB",
            "login_mode": "DISABLED",
            "login_scopes": null,
            "login_uri": "",
            "logo": null,
            "logo_uri": "",
            "logo_url": "https://ok12static.oktacdn.com/assets/img/logos/default.6770228fb0dab49a1695ef440a5279bb.png",
            "name": "oidc_client",
            "omit_secret": true,
            "pkce_required": true,
            "policy_uri": "",
            "post_logout_redirect_uris": null,
            "profile": "{\"APP_AUTHZ_LDAP_GROUPS\":[],\"APP_AUTHZ_SPAPP_GROUPS\":[],\"OKTA_AUTHZ_GROUPS\":[\"Everyone\"],\"cmdb_app_short_name\":\"TEST\",\"division\":\"DIV1\",\"parent_cmdb_name\":\"Complify Application\",\"requested_by\":\"aadyasri@company.com\",\"team_dl\":\"div4-team@company.com\"}",
            "redirect_uris": [
              "https://test-web-app.company.com/callback",
              "https://test-web-app.company.com/logout"
            ],
            "refresh_token_leeway": 0,
            "refresh_token_rotation": "STATIC",
            "response_types": [
              "code"
            ],
            "sign_on_mode": "OPENID_CONNECT",
            "status": "ACTIVE",
            "timeouts": null,
            "token_endpoint_auth_method": "client_secret_basic",
            "tos_uri": "",
            "type": "web",
            "user_name_template": "${source.login}",
            "user_name_template_push_status": "",
            "user_name_template_suffix": "",
            "user_name_template_type": "BUILT_IN",
            "wildcard_redirect": "DISABLED"
          },
          "sensitive_attributes": [
            [
              {
                "type": "get_attr",
                "value": "client_basic_secret"
              }
            ]
          ],
          "private": "eyJlMmJmYjczMC1lY2FhLTExZTYtOGY4OC0zNDM2M2JjN2M0YzAiOnsiY3JlYXRlIjozNjAwMDAwMDAwMDAwLCJyZWFkIjozNjAwMDAwMDAwMDAwLCJ1cGRhdGUiOjM2MDAwMDAwMDAwMDB9fQ==",
          "dependencies": [
            "module.main.data.okta_group.ldap_groups",
            "module.main.data.okta_group.spapp_groups"
          ]
        }
      ]
    },
    {
      "module": "module.main.module.oauth_3leg_backend[0]",
      "mode": "managed",
      "type": "okta_trusted_origin",
      "name": "web_oidc_origin",
      "provider": "provider[\"registry.terraform.io/okta/okta\"]",
      "instances": [
        {
          "schema_version": 0,
          "attributes": {
            "active": true,
            "id": "tospdblrvpap6HbFg5d7",
            "name": "DIV1_TEST_WEB_ORIGIN_V2",
            "origin": "https://test-web-app-v2.company.com",
            "scopes": [
              "CORS",
              "REDIRECT"
            ]
          },
          "sensitive_attributes": [],
          "private": "bnVsbA=="
        }
      ]
    },
    {
      "module": "module.main.module.oauth_3leg_backend[0]",
      "mode": "managed",
      "type": "time_sleep",
      "name": "wait_for_okta_app",
      "provider": "provider[\"registry.terraform.io/hashicorp/time\"]",
      "instances": [
        {
          "schema_version": 0,
          "attributes": {
            "create_duration": "30s",
            "destroy_duration": null,
            "id": "2025-06-28T20:02:46Z",
            "triggers": null
          },
          "sensitive_attributes": [],
          "dependencies": [
            "module.main.data.okta_group.ldap_groups",
            "module.main.data.okta_group.spapp_groups",
            "module.main.module.oauth_3leg_backend.okta_app_oauth.web_oidc"
          ]
        }
      ]
    },
    {
      "module": "module.main.module.oauth_3leg_frontend[0]",
      "mode": "data",
      "type": "okta_group",
      "name": "authz_groups",
      "provider": "provider[\"registry.terraform.io/okta/okta\"]",
      "instances": [
        {
          "index_key": "Everyone",
          "schema_version": 0,
          "attributes": {
            "delay_read_seconds": null,
            "description": "All users in your organization",
            "id": "00g1me8kobj307RvS5d7",
            "include_users": false,
            "name": "Everyone",
            "type": "BUILT_IN",
            "users": []
          },
          "sensitive_attributes": []
        }
      ]
    },
    {
      "module": "module.main.module.oauth_3leg_frontend[0]",
      "mode": "managed",
      "type": "okta_app_group_assignment",
      "name": "spa_oidc_assignments",
      "provider": "provider[\"registry.terraform.io/okta/okta\"]",
      "instances": [
        {
          "index_key": "Everyone",
          "schema_version": 0,
          "attributes": {
            "app_id": "0oapdbmvvrPDUyQw25d7",
            "group_id": "00g1me8kobj307RvS5d7",
            "id": "00g1me8kobj307RvS5d7",
            "priority": 0,
            "profile": "{}",
            "retain_assignment": false,
            "timeouts": null
          },
          "sensitive_attributes": [],
          "private": "eyJlMmJmYjczMC1lY2FhLTExZTYtOGY4OC0zNDM2M2JjN2M0YzAiOnsiY3JlYXRlIjozNjAwMDAwMDAwMDAwLCJyZWFkIjozNjAwMDAwMDAwMDAwLCJ1cGRhdGUiOjM2MDAwMDAwMDAwMDB9fQ==",
          "dependencies": [
            "module.main.data.okta_group.ldap_groups",
            "module.main.data.okta_group.spapp_groups",
            "module.main.module.oauth_3leg_frontend.data.okta_group.authz_groups",
            "module.main.module.oauth_3leg_frontend.okta_app_oauth.spa_oidc",
            "module.main.module.oauth_3leg_frontend.time_sleep.wait_for_okta_app"
          ]
        }
      ]
    },
    {
      "module": "module.main.module.oauth_3leg_frontend[0]",
      "mode": "managed",
      "type": "okta_app_oauth",
      "name": "spa_oidc",
      "provider": "provider[\"registry.terraform.io/okta/okta\"]",
      "instances": [
        {
          "schema_version": 0,
          "attributes": {
            "accessibility_error_redirect_url": "",
            "accessibility_login_redirect_url": "",
            "accessibility_self_service": false,
            "admin_note": "",
            "app_links_json": "{\"oidc_client_link\":true}",
            "app_settings_json": "{}",
            "authentication_policy": null,
            "auto_key_rotation": true,
            "auto_submit_toolbar": false,
            "client_basic_secret": null,
            "client_id": "DIV1_TEST_SPA",
            "client_secret": null,
            "client_uri": "",
            "consent_method": "TRUSTED",
            "enduser_note": "",
            "grant_types": [
              "authorization_code"
            ],
            "groups_claim": [],
            "hide_ios": true,
            "hide_web": true,
            "id": "0oapdbmvvrPDUyQw25d7",
            "implicit_assignment": false,
            "issuer_mode": "ORG_URL",
            "jwks": [],
            "jwks_uri": "",
            "label": "DIV1_TEST_SPA",
            "login_mode": "DISABLED",
            "login_scopes": null,
            "login_uri": "",
            "logo": null,
            "logo_uri": "",
            "logo_url": "https://ok12static.oktacdn.com/assets/img/logos/default.6770228fb0dab49a1695ef440a5279bb.png",
            "name": "oidc_client",
            "omit_secret": true,
            "pkce_required": true,
            "policy_uri": "",
            "post_logout_redirect_uris": null,
            "profile": "{\"APP_AUTHZ_LDAP_GROUPS\":[],\"APP_AUTHZ_SPAPP_GROUPS\":[],\"OKTA_AUTHZ_GROUPS\":[\"Everyone\"],\"cmdb_app_short_name\":\"TEST\",\"division\":\"DIV1\",\"parent_cmdb_name\":\"Complify Application\",\"requested_by\":\"aadyasri@company.com\",\"team_dl\":\"div4-team@company.com\"}",
            "redirect_uris": [
              "http://localhost:3000/callback",
              "http://localhost:3000/logout"
            ],
            "refresh_token_leeway": 0,
            "refresh_token_rotation": "STATIC",
            "response_types": [
              "code"
            ],
            "sign_on_mode": "OPENID_CONNECT",
            "status": "ACTIVE",
            "timeouts": null,
            "token_endpoint_auth_method": "none",
            "tos_uri": "",
            "type": "browser",
            "user_name_template": "${source.login}",
            "user_name_template_push_status": "",
            "user_name_template_suffix": "",
            "user_name_template_type": "BUILT_IN",
            "wildcard_redirect": "DISABLED"
          },
          "sensitive_attributes": [
            [
              {
                "type": "get_attr",
                "value": "client_basic_secret"
              }
            ]
          ],
          "private": "eyJlMmJmYjczMC1lY2FhLTExZTYtOGY4OC0zNDM2M2JjN2M0YzAiOnsiY3JlYXRlIjozNjAwMDAwMDAwMDAwLCJyZWFkIjozNjAwMDAwMDAwMDAwLCJ1cGRhdGUiOjM2MDAwMDAwMDAwMDB9fQ==",
          "dependencies": [
            "module.main.data.okta_group.ldap_groups",
            "module.main.data.okta_group.spapp_groups"
          ]
        }
      ]
    },
    {
      "module": "module.main.module.oauth_3leg_frontend[0]",
      "mode": "managed",
      "type": "okta_trusted_origin",
      "name": "spa_oidc_origin",
      "provider": "provider[\"registry.terraform.io/okta/okta\"]",
      "instances": [
        {
          "schema_version": 0,
          "attributes": {
            "active": true,
            "id": "tospdblr0c0j74XnS5d7",
            "name": "DIV1_TEST_SPA_ORIGIN_V4",
            "origin": "http://localhost:3004",
            "scopes": [
              "CORS",
              "REDIRECT"
            ]
          },
          "sensitive_attributes": [],
          "private": "bnVsbA=="
        }
      ]
    },
    {
      "module": "module.main.module.oauth_3leg_frontend[0]",
      "mode": "managed",
      "type": "time_sleep",
      "name": "wait_for_okta_app",
      "provider": "provider[\"registry.terraform.io/hashicorp/time\"]",
      "instances": [
        {
          "schema_version": 0,
          "attributes": {
            "create_duration": "30s",
            "destroy_duration": null,
            "id": "2025-06-28T20:02:46Z",
            "triggers": null
          },
          "sensitive_attributes": [],
          "dependencies": [
            "module.main.data.okta_group.ldap_groups",
            "module.main.data.okta_group.spapp_groups",
            "module.main.module.oauth_3leg_frontend.okta_app_oauth.spa_oidc"
          ]
        }
      ]
    },
    {
      "module": "module.main.module.oauth_3leg_native[0]",
      "mode": "data",
      "type": "okta_group",
      "name": "authz_groups",
      "provider": "provider[\"registry.terraform.io/okta/okta\"]",
      "instances": [
        {
          "index_key": "Everyone",
          "schema_version": 0,
          "attributes": {
            "delay_read_seconds": null,
            "description": "All users in your organization",
            "id": "00g1me8kobj307RvS5d7",
            "include_users": false,
            "name": "Everyone",
            "type": "BUILT_IN",
            "users": []
          },
          "sensitive_attributes": []
        }
      ]
    },
    {
      "module": "module.main.module.oauth_3leg_native[0]",
      "mode": "managed",
      "type": "okta_app_group_assignment",
      "name": "na_oidc_assignments",
      "provider": "provider[\"registry.terraform.io/okta/okta\"]",
      "instances": [
        {
          "index_key": "Everyone",
          "schema_version": 0,
          "attributes": {
            "app_id": "0oapdbmrxvnRxDGaX5d7",
            "group_id": "00g1me8kobj307RvS5d7",
            "id": "00g1me8kobj307RvS5d7",
            "priority": 0,
            "profile": "{}",
            "retain_assignment": false,
            "timeouts": null
          },
          "sensitive_attributes": [],
          "private": "eyJlMmJmYjczMC1lY2FhLTExZTYtOGY4OC0zNDM2M2JjN2M0YzAiOnsiY3JlYXRlIjozNjAwMDAwMDAwMDAwLCJyZWFkIjozNjAwMDAwMDAwMDAwLCJ1cGRhdGUiOjM2MDAwMDAwMDAwMDB9fQ==",
          "dependencies": [
            "module.main.data.okta_group.ldap_groups",
            "module.main.data.okta_group.spapp_groups",
            "module.main.module.oauth_3leg_native.data.okta_group.authz_groups",
            "module.main.module.oauth_3leg_native.okta_app_oauth.na_oidc",
            "module.main.module.oauth_3leg_native.time_sleep.wait_for_okta_app"
          ]
        }
      ]
    },
    {
      "module": "module.main.module.oauth_3leg_native[0]",
      "mode": "managed",
      "type": "okta_app_oauth",
      "name": "na_oidc",
      "provider": "provider[\"registry.terraform.io/okta/okta\"]",
      "instances": [
        {
          "schema_version": 0,
          "attributes": {
            "accessibility_error_redirect_url": "",
            "accessibility_login_redirect_url": "",
            "accessibility_self_service": false,
            "admin_note": "",
            "app_links_json": "{\"oidc_client_link\":true}",
            "app_settings_json": "{}",
            "authentication_policy": null,
            "auto_key_rotation": true,
            "auto_submit_toolbar": false,
            "client_basic_secret": null,
            "client_id": "DIV1_TEST_NATIVE",
            "client_secret": null,
            "client_uri": "",
            "consent_method": "TRUSTED",
            "enduser_note": "",
            "grant_types": [
              "authorization_code",
              "password",
              "refresh_token"
            ],
            "groups_claim": [],
            "hide_ios": true,
            "hide_web": true,
            "id": "0oapdbmrxvnRxDGaX5d7",
            "implicit_assignment": false,
            "issuer_mode": "ORG_URL",
            "jwks": [],
            "jwks_uri": "",
            "label": "DIV1_TEST_NATIVE",
            "login_mode": "DISABLED",
            "login_scopes": null,
            "login_uri": "",
            "logo": null,
            "logo_uri": "",
            "logo_url": "https://ok12static.oktacdn.com/assets/img/logos/default.6770228fb0dab49a1695ef440a5279bb.png",
            "name": "oidc_client",
            "omit_secret": true,
            "pkce_required": true,
            "policy_uri": "",
            "post_logout_redirect_uris": null,
            "profile": "{\"APP_AUTHZ_LDAP_GROUPS\":[],\"APP_AUTHZ_SPAPP_GROUPS\":[],\"OKTA_AUTHZ_GROUPS\":[\"Everyone\"],\"cmdb_app_short_name\":\"TEST\",\"division\":\"DIV1\",\"parent_cmdb_name\":\"Complify Application\",\"requested_by\":\"aadyasri@company.com\",\"team_dl\":\"div4-team@company.com\"}",
            "redirect_uris": [
              "com.test.app://callback",
              "com.test.app://logout"
            ],
            "refresh_token_leeway": 0,
            "refresh_token_rotation": "STATIC",
            "response_types": [
              "code"
            ],
            "sign_on_mode": "OPENID_CONNECT",
            "status": "ACTIVE",
            "timeouts": null,
            "token_endpoint_auth_method": "client_secret_basic",
            "tos_uri": "",
            "type": "native",
            "user_name_template": "${source.login}",
            "user_name_template_push_status": "",
            "user_name_template_suffix": "",
            "user_name_template_type": "BUILT_IN",
            "wildcard_redirect": "DISABLED"
          },
          "sensitive_attributes": [
            [
              {
                "type": "get_attr",
                "value": "client_basic_secret"
              }
            ]
          ],
          "private": "eyJlMmJmYjczMC1lY2FhLTExZTYtOGY4OC0zNDM2M2JjN2M0YzAiOnsiY3JlYXRlIjozNjAwMDAwMDAwMDAwLCJyZWFkIjozNjAwMDAwMDAwMDAwLCJ1cGRhdGUiOjM2MDAwMDAwMDAwMDB9fQ==",
          "dependencies": [
            "module.main.data.okta_group.ldap_groups",
            "module.main.data.okta_group.spapp_groups"
          ]
        }
      ]
    },
    {
      "module": "module.main.module.oauth_3leg_native[0]",
      "mode": "managed",
      "type": "okta_trusted_origin",
      "name": "na_oidc_origin",
      "provider": "provider[\"registry.terraform.io/okta/okta\"]",
      "instances": [
        {
          "schema_version": 0,
          "attributes": {
            "active": true,
            "id": "tospdbkw3dxF4SRiR5d7",
            "name": "DIV1_TEST_NATIVE_ORIGIN_V2",
            "origin": "http://localhost:3005",
            "scopes": [
              "CORS",
              "REDIRECT"
            ]
          },
          "sensitive_attributes": [],
          "private": "bnVsbA=="
        }
      ]
    },
    {
      "module": "module.main.module.oauth_3leg_native[0]",
      "mode": "managed",
      "type": "time_sleep",
      "name": "wait_for_okta_app",
      "provider": "provider[\"registry.terraform.io/hashicorp/time\"]",
      "instances": [
        {
          "schema_version": 0,
          "attributes": {
            "create_duration": "30s",
            "destroy_duration": null,
            "id": "2025-06-28T20:02:46Z",
            "triggers": null
          },
          "sensitive_attributes": [],
          "dependencies": [
            "module.main.data.okta_group.ldap_groups",
            "module.main.data.okta_group.spapp_groups",
            "module.main.module.oauth_3leg_native.okta_app_oauth.na_oidc"
          ]
        }
      ]
    }
  ],
  "check_results": null
}
