{
  "version": 4,
  "terraform_version": "1.5.7",
  "serial": 10,
  "lineage": "65e7a71a-2d2b-de7d-2434-0e76a294e063",
  "outputs": {},
  "resources": [
    {
      "module": "module.main.module.oauth_2leg[0]",
      "mode": "managed",
      "type": "okta_app_oauth",
      "name": "oauth_2leg",
      "provider": "provider[\"registry.terraform.io/okta/okta\"]",
      "instances": [
        {
          "schema_version": 0,
          "attributes": {
            "accessibility_error_redirect_url": "",
            "accessibility_login_redirect_url": "",
            "accessibility_self_service": false,
            "admin_note": "",
            "app_links_json": "{\"oidc_client_link\":true}",
            "app_settings_json": "{}",
            "authentication_policy": null,
            "auto_key_rotation": true,
            "auto_submit_toolbar": false,
            "client_basic_secret": "test-secret-123",
            "client_id": "DIV1_TEST_API_SVCS",
            "client_secret": null,
            "client_uri": "",
            "consent_method": "TRUSTED",
            "enduser_note": "",
            "grant_types": [
              "client_credentials"
            ],
            "groups_claim": [],
            "hide_ios": true,
            "hide_web": true,
            "id": "0oapctovaeSVQVOCG5d7",
            "implicit_assignment": false,
            "issuer_mode": "ORG_URL",
            "jwks": [],
            "jwks_uri": "",
            "label": "DIV1_TEST_API_SVCS",
            "login_mode": "DISABLED",
            "login_scopes": [],
            "login_uri": "",
            "logo": null,
            "logo_uri": "",
            "logo_url": "https://ok12static.oktacdn.com/assets/img/logos/default.6770228fb0dab49a1695ef440a5279bb.png",
            "name": "oidc_client",
            "omit_secret": true,
            "pkce_required": false,
            "policy_uri": "",
            "post_logout_redirect_uris": [],
            "profile": "{\"cmdb_app_short_name\":\"TEST\",\"division\":\"DIV1\",\"parent_cmdb_name\":\"Complify Application\",\"requested_by\":\"aadyasri@company.com\",\"team_dl\":\"div4-team@company.com\"}",
            "redirect_uris": [],
            "refresh_token_leeway": 0,
            "refresh_token_rotation": "STATIC",
            "response_types": [
              "token"
            ],
            "sign_on_mode": "OPENID_CONNECT",
            "status": "ACTIVE",
            "timeouts": null,
            "token_endpoint_auth_method": "client_secret_basic",
            "tos_uri": "",
            "type": "service",
            "user_name_template": "${source.login}",
            "user_name_template_push_status": "",
            "user_name_template_suffix": "",
            "user_name_template_type": "BUILT_IN",
            "wildcard_redirect": "DISABLED"
          },
          "sensitive_attributes": [
            [
              {
                "type": "get_attr",
                "value": "client_basic_secret"
              }
            ]
          ],
          "private": "eyJlMmJmYjczMC1lY2FhLTExZTYtOGY4OC0zNDM2M2JjN2M0YzAiOnsiY3JlYXRlIjozNjAwMDAwMDAwMDAwLCJyZWFkIjozNjAwMDAwMDAwMDAwLCJ1cGRhdGUiOjM2MDAwMDAwMDAwMDB9fQ=="
        }
      ]
    },
    {
      "module": "module.main.module.oauth_3leg_frontend[0]",
      "mode": "managed",
      "type": "okta_app_bookmark",
      "name": "spa_oidc_bookmark",
      "provider": "provider[\"registry.terraform.io/okta/okta\"]",
      "instances": [
        {
          "schema_version": 0,
          "attributes": {
            "accessibility_error_redirect_url": "",
            "accessibility_login_redirect_url": "",
            "accessibility_self_service": false,
            "admin_note": "",
            "app_links_json": "{\"login\":true}",
            "authentication_policy": null,
            "auto_submit_toolbar": false,
            "enduser_note": "",
            "hide_ios": false,
            "hide_web": false,
            "id": "0oapctpmsywVcabNA5d7",
            "label": "DIV1_TEST_SPA",
            "logo": null,
            "logo_url": "https://ok12static.oktacdn.com/assets/img/logos/bookmark-app.b81c03e2607468e5b5f9c9351c99313e.png",
            "name": "bookmark",
            "request_integration": false,
            "sign_on_mode": "BOOKMARK",
            "status": "ACTIVE",
            "timeouts": null,
            "url": "http://localhost:3002"
          },
          "sensitive_attributes": [],
          "private": "eyJlMmJmYjczMC1lY2FhLTExZTYtOGY4OC0zNDM2M2JjN2M0YzAiOnsiY3JlYXRlIjozNjAwMDAwMDAwMDAwLCJyZWFkIjozNjAwMDAwMDAwMDAwLCJ1cGRhdGUiOjM2MDAwMDAwMDAwMDB9fQ=="
        }
      ]
    },
    {
      "module": "module.main.module.oauth_3leg_frontend[0]",
      "mode": "managed",
      "type": "okta_app_group_assignment",
      "name": "spa_oidc_assignment",
      "provider": "provider[\"registry.terraform.io/okta/okta\"]",
      "instances": [
        {
          "schema_version": 0,
          "attributes": {
            "app_id": "0oapctp6hm7qfRE9l5d7",
            "group_id": "00gpctqok4BA8q06M5d7",
            "id": "00gpctqok4BA8q06M5d7",
            "priority": 0,
            "profile": "{}",
            "retain_assignment": false,
            "timeouts": null
          },
          "sensitive_attributes": [],
          "private": "eyJlMmJmYjczMC1lY2FhLTExZTYtOGY4OC0zNDM2M2JjN2M0YzAiOnsiY3JlYXRlIjozNjAwMDAwMDAwMDAwLCJyZWFkIjozNjAwMDAwMDAwMDAwLCJ1cGRhdGUiOjM2MDAwMDAwMDAwMDB9fQ==",
          "dependencies": [
            "module.main.module.oauth_3leg_frontend.okta_app_oauth.spa_oidc",
            "module.main.module.oauth_3leg_frontend.okta_group.spa_oidc_group"
          ]
        }
      ]
    },
    {
      "module": "module.main.module.oauth_3leg_frontend[0]",
      "mode": "managed",
      "type": "okta_app_oauth",
      "name": "spa_oidc",
      "provider": "provider[\"registry.terraform.io/okta/okta\"]",
      "instances": [
        {
          "schema_version": 0,
          "attributes": {
            "accessibility_error_redirect_url": "",
            "accessibility_login_redirect_url": "",
            "accessibility_self_service": false,
            "admin_note": "",
            "app_links_json": "{\"oidc_client_link\":true}",
            "app_settings_json": "{}",
            "authentication_policy": null,
            "auto_key_rotation": true,
            "auto_submit_toolbar": false,
            "client_basic_secret": null,
            "client_id": "DIV1_TEST_SPA",
            "client_secret": null,
            "client_uri": "",
            "consent_method": "TRUSTED",
            "enduser_note": "",
            "grant_types": [
              "authorization_code"
            ],
            "groups_claim": [],
            "hide_ios": true,
            "hide_web": true,
            "id": "0oapctp6hm7qfRE9l5d7",
            "implicit_assignment": false,
            "issuer_mode": "ORG_URL",
            "jwks": [],
            "jwks_uri": "",
            "label": "DIV1_TEST_SPA",
            "login_mode": "DISABLED",
            "login_scopes": [],
            "login_uri": "",
            "logo": null,
            "logo_uri": "",
            "logo_url": "https://ok12static.oktacdn.com/assets/img/logos/default.6770228fb0dab49a1695ef440a5279bb.png",
            "name": "oidc_client",
            "omit_secret": true,
            "pkce_required": true,
            "policy_uri": "",
            "post_logout_redirect_uris": [],
            "profile": "{\"cmdb_app_short_name\":\"TEST\",\"division\":\"DIV1\",\"parent_cmdb_name\":\"Complify Application\",\"requested_by\":\"aadyasri@company.com\",\"team_dl\":\"div4-team@company.com\"}",
            "redirect_uris": [
              "http://localhost:3000/callback",
              "http://localhost:3000/logout"
            ],
            "refresh_token_leeway": 0,
            "refresh_token_rotation": "STATIC",
            "response_types": [
              "code"
            ],
            "sign_on_mode": "OPENID_CONNECT",
            "status": "ACTIVE",
            "timeouts": null,
            "token_endpoint_auth_method": "none",
            "tos_uri": "",
            "type": "browser",
            "user_name_template": "${source.login}",
            "user_name_template_push_status": "",
            "user_name_template_suffix": "",
            "user_name_template_type": "BUILT_IN",
            "wildcard_redirect": "DISABLED"
          },
          "sensitive_attributes": [
            [
              {
                "type": "get_attr",
                "value": "client_basic_secret"
              }
            ]
          ],
          "private": "eyJlMmJmYjczMC1lY2FhLTExZTYtOGY4OC0zNDM2M2JjN2M0YzAiOnsiY3JlYXRlIjozNjAwMDAwMDAwMDAwLCJyZWFkIjozNjAwMDAwMDAwMDAwLCJ1cGRhdGUiOjM2MDAwMDAwMDAwMDB9fQ=="
        }
      ]
    },
    {
      "module": "module.main.module.oauth_3leg_frontend[0]",
      "mode": "managed",
      "type": "okta_group",
      "name": "spa_oidc_group",
      "provider": "provider[\"registry.terraform.io/okta/okta\"]",
      "instances": [
        {
          "schema_version": 0,
          "attributes": {
            "custom_profile_attributes": "{}",
            "description": "Access group for DIV1 TEST SPA",
            "id": "00gpctqok4BA8q06M5d7",
            "name": "DIV1_TEST_SPA_ACCESS_V3",
            "skip_users": false
          },
          "sensitive_attributes": [],
          "private": "bnVsbA=="
        }
      ]
    },
    {
      "module": "module.main.module.oauth_3leg_frontend[0]",
      "mode": "managed",
      "type": "okta_trusted_origin",
      "name": "spa_oidc_origin",
      "provider": "provider[\"registry.terraform.io/okta/okta\"]",
      "instances": [
        {
          "schema_version": 0,
          "attributes": {
            "active": true,
            "id": "tospcto9moxY8fJeu5d7",
            "name": "DIV1_TEST_SPA_ORIGIN_V3",
            "origin": "http://localhost:3002",
            "scopes": [
              "CORS",
              "REDIRECT"
            ]
          },
          "sensitive_attributes": [],
          "private": "bnVsbA=="
        }
      ]
    }
  ],
  "check_results": null
}
